// !$*UTF8*$!
{
	archiveVersion = 1;
	classes = {
	};
	objectVersion = 50;
	objects = {

/* Begin PBXBuildFile section */
		45E7F3B17AF364D646F61ACA /* Pods_ProfileListsTests.framework in Frameworks */ = {isa = PBXBuildFile; fileRef = 0B8920306FCB65DBF99F2E80 /* Pods_ProfileListsTests.framework */; };
		516C95B221112B02007B5C76 /* AppDelegate.swift in Sources */ = {isa = PBXBuildFile; fileRef = 516C95B121112B02007B5C76 /* AppDelegate.swift */; };
		516C95B421112B02007B5C76 /* ProfileList.swift in Sources */ = {isa = PBXBuildFile; fileRef = 516C95B321112B02007B5C76 /* ProfileList.swift */; };
		516C95B721112B02007B5C76 /* Main.storyboard in Resources */ = {isa = PBXBuildFile; fileRef = 516C95B521112B02007B5C76 /* Main.storyboard */; };
		516C95BA21112B02007B5C76 /* ProfileLists.xcdatamodeld in Sources */ = {isa = PBXBuildFile; fileRef = 516C95B821112B02007B5C76 /* ProfileLists.xcdatamodeld */; };
		516C95BC21112B04007B5C76 /* Assets.xcassets in Resources */ = {isa = PBXBuildFile; fileRef = 516C95BB21112B04007B5C76 /* Assets.xcassets */; };
		516C95BF21112B04007B5C76 /* LaunchScreen.storyboard in Resources */ = {isa = PBXBuildFile; fileRef = 516C95BD21112B04007B5C76 /* LaunchScreen.storyboard */; };
		516C95CA21112B04007B5C76 /* ProfileListsTests.swift in Sources */ = {isa = PBXBuildFile; fileRef = 516C95C921112B04007B5C76 /* ProfileListsTests.swift */; };
		516C95D521112B04007B5C76 /* ProfileListsUITests.swift in Sources */ = {isa = PBXBuildFile; fileRef = 516C95D421112B04007B5C76 /* ProfileListsUITests.swift */; };
		516C95E321112CDF007B5C76 /* GoogleService-Info.plist in Resources */ = {isa = PBXBuildFile; fileRef = 516C95E221112CDF007B5C76 /* GoogleService-Info.plist */; };
		516C95E521112D6F007B5C76 /* FirebaseCore.framework in Frameworks */ = {isa = PBXBuildFile; fileRef = 516C95E421112D6F007B5C76 /* FirebaseCore.framework */; };
		516C95E72111304F007B5C76 /* Profile.swift in Sources */ = {isa = PBXBuildFile; fileRef = 516C95E62111304F007B5C76 /* Profile.swift */; };
		516C95EA21114339007B5C76 /* ProfileListCellFemale.swift in Sources */ = {isa = PBXBuildFile; fileRef = 516C95E821114339007B5C76 /* ProfileListCellFemale.swift */; };
		516C95EB21114339007B5C76 /* ProfileListCellFemale.xib in Resources */ = {isa = PBXBuildFile; fileRef = 516C95E921114339007B5C76 /* ProfileListCellFemale.xib */; };
		516C95ED21114BD4007B5C76 /* AddNewProfileController.swift in Sources */ = {isa = PBXBuildFile; fileRef = 516C95EC21114BD4007B5C76 /* AddNewProfileController.swift */; };
		516C95EF21127742007B5C76 /* SDWebImage.framework in Frameworks */ = {isa = PBXBuildFile; fileRef = 516C95EE21127742007B5C76 /* SDWebImage.framework */; };
		516C95F121127AD7007B5C76 /* UIView+Extension.swift in Sources */ = {isa = PBXBuildFile; fileRef = 516C95F021127AD7007B5C76 /* UIView+Extension.swift */; };
		516C95F521128814007B5C76 /* ProfileViewController.swift in Sources */ = {isa = PBXBuildFile; fileRef = 516C95F421128814007B5C76 /* ProfileViewController.swift */; };
		516C95F72115102D007B5C76 /* FirebaseAuth.framework in Frameworks */ = {isa = PBXBuildFile; fileRef = 516C95F62115102D007B5C76 /* FirebaseAuth.framework */; };
		516C95F92115102D007B5C76 /* FirebaseDatabase.framework in Frameworks */ = {isa = PBXBuildFile; fileRef = 516C95F82115102D007B5C76 /* FirebaseDatabase.framework */; };
		516C95FB2115102D007B5C76 /* FirebaseStorage.framework in Frameworks */ = {isa = PBXBuildFile; fileRef = 516C95FA2115102D007B5C76 /* FirebaseStorage.framework */; };
		517555B3211781AE0091EEC1 /* AddHobbyHeaderCell.swift in Sources */ = {isa = PBXBuildFile; fileRef = 517555B1211781AE0091EEC1 /* AddHobbyHeaderCell.swift */; };
		517555B4211781AE0091EEC1 /* AddHobbyHeaderCell.xib in Resources */ = {isa = PBXBuildFile; fileRef = 517555B2211781AE0091EEC1 /* AddHobbyHeaderCell.xib */; };
		517555B7211782390091EEC1 /* HobbyItemCell.swift in Sources */ = {isa = PBXBuildFile; fileRef = 517555B5211782390091EEC1 /* HobbyItemCell.swift */; };
		517555B8211782390091EEC1 /* HobbyItemCell.xib in Resources */ = {isa = PBXBuildFile; fileRef = 517555B6211782390091EEC1 /* HobbyItemCell.xib */; };
		517555BA2117D6DA0091EEC1 /* EditHobbyController.swift in Sources */ = {isa = PBXBuildFile; fileRef = 517555B92117D6DA0091EEC1 /* EditHobbyController.swift */; };
		517555C22117DC950091EEC1 /* ProfileHeader.swift in Sources */ = {isa = PBXBuildFile; fileRef = 517555C02117DC950091EEC1 /* ProfileHeader.swift */; };
		517555C32117DC950091EEC1 /* ProfileHeader.xib in Resources */ = {isa = PBXBuildFile; fileRef = 517555C12117DC950091EEC1 /* ProfileHeader.xib */; };
		517555C7211872640091EEC1 /* Hobby.swift in Sources */ = {isa = PBXBuildFile; fileRef = 517555C6211872640091EEC1 /* Hobby.swift */; };
		517555CE211948670091EEC1 /* ProfileListCellMale.swift in Sources */ = {isa = PBXBuildFile; fileRef = 517555CC211948660091EEC1 /* ProfileListCellMale.swift */; };
		517555CF211948670091EEC1 /* ProfileListCellMale.xib in Resources */ = {isa = PBXBuildFile; fileRef = 517555CD211948670091EEC1 /* ProfileListCellMale.xib */; };
		6B61243D88F3036FC1FE3F04 /* Pods_ProfileListsUITests.framework in Frameworks */ = {isa = PBXBuildFile; fileRef = F1ED9DDC9BB5B28067EAE777 /* Pods_ProfileListsUITests.framework */; };
		A39A649DFF26D37ED9AA95C1 /* Pods_ProfileLists.framework in Frameworks */ = {isa = PBXBuildFile; fileRef = F3D6A13698B8E3395BD3212D /* Pods_ProfileLists.framework */; };
/* End PBXBuildFile section */

/* Begin PBXContainerItemProxy section */
		516C95C621112B04007B5C76 /* PBXContainerItemProxy */ = {
			isa = PBXContainerItemProxy;
			containerPortal = 516C95A621112B01007B5C76 /* Project object */;
			proxyType = 1;
			remoteGlobalIDString = 516C95AD21112B01007B5C76;
			remoteInfo = ProfileLists;
		};
		516C95D121112B04007B5C76 /* PBXContainerItemProxy */ = {
			isa = PBXContainerItemProxy;
			containerPortal = 516C95A621112B01007B5C76 /* Project object */;
			proxyType = 1;
			remoteGlobalIDString = 516C95AD21112B01007B5C76;
			remoteInfo = ProfileLists;
		};
/* End PBXContainerItemProxy section */

/* Begin PBXFileReference section */
		0B8920306FCB65DBF99F2E80 /* Pods_ProfileListsTests.framework */ = {isa = PBXFileReference; explicitFileType = wrapper.framework; includeInIndex = 0; path = Pods_ProfileListsTests.framework; sourceTree = BUILT_PRODUCTS_DIR; };
		19CF365605F5226955AEBEC3 /* Pods-ProfileListsTests.release.xcconfig */ = {isa = PBXFileReference; includeInIndex = 1; lastKnownFileType = text.xcconfig; name = "Pods-ProfileListsTests.release.xcconfig"; path = "Pods/Target Support Files/Pods-ProfileListsTests/Pods-ProfileListsTests.release.xcconfig"; sourceTree = "<group>"; };
		47F8737E16171463905AA3F6 /* Pods-ProfileLists.release.xcconfig */ = {isa = PBXFileReference; includeInIndex = 1; lastKnownFileType = text.xcconfig; name = "Pods-ProfileLists.release.xcconfig"; path = "Pods/Target Support Files/Pods-ProfileLists/Pods-ProfileLists.release.xcconfig"; sourceTree = "<group>"; };
		516C95AE21112B01007B5C76 /* ProfileLists.app */ = {isa = PBXFileReference; explicitFileType = wrapper.application; includeInIndex = 0; path = ProfileLists.app; sourceTree = BUILT_PRODUCTS_DIR; };
		516C95B121112B02007B5C76 /* AppDelegate.swift */ = {isa = PBXFileReference; lastKnownFileType = sourcecode.swift; path = AppDelegate.swift; sourceTree = "<group>"; };
		516C95B321112B02007B5C76 /* ProfileList.swift */ = {isa = PBXFileReference; lastKnownFileType = sourcecode.swift; path = ProfileList.swift; sourceTree = "<group>"; };
		516C95B621112B02007B5C76 /* Base */ = {isa = PBXFileReference; lastKnownFileType = file.storyboard; name = Base; path = Base.lproj/Main.storyboard; sourceTree = "<group>"; };
		516C95B921112B02007B5C76 /* ProfileLists.xcdatamodel */ = {isa = PBXFileReference; lastKnownFileType = wrapper.xcdatamodel; path = ProfileLists.xcdatamodel; sourceTree = "<group>"; };
		516C95BB21112B04007B5C76 /* Assets.xcassets */ = {isa = PBXFileReference; lastKnownFileType = folder.assetcatalog; path = Assets.xcassets; sourceTree = "<group>"; };
		516C95BE21112B04007B5C76 /* Base */ = {isa = PBXFileReference; lastKnownFileType = file.storyboard; name = Base; path = Base.lproj/LaunchScreen.storyboard; sourceTree = "<group>"; };
		516C95C021112B04007B5C76 /* Info.plist */ = {isa = PBXFileReference; lastKnownFileType = text.plist.xml; path = Info.plist; sourceTree = "<group>"; };
		516C95C521112B04007B5C76 /* ProfileListsTests.xctest */ = {isa = PBXFileReference; explicitFileType = wrapper.cfbundle; includeInIndex = 0; path = ProfileListsTests.xctest; sourceTree = BUILT_PRODUCTS_DIR; };
		516C95C921112B04007B5C76 /* ProfileListsTests.swift */ = {isa = PBXFileReference; lastKnownFileType = sourcecode.swift; path = ProfileListsTests.swift; sourceTree = "<group>"; };
		516C95CB21112B04007B5C76 /* Info.plist */ = {isa = PBXFileReference; lastKnownFileType = text.plist.xml; path = Info.plist; sourceTree = "<group>"; };
		516C95D021112B04007B5C76 /* ProfileListsUITests.xctest */ = {isa = PBXFileReference; explicitFileType = wrapper.cfbundle; includeInIndex = 0; path = ProfileListsUITests.xctest; sourceTree = BUILT_PRODUCTS_DIR; };
		516C95D421112B04007B5C76 /* ProfileListsUITests.swift */ = {isa = PBXFileReference; lastKnownFileType = sourcecode.swift; path = ProfileListsUITests.swift; sourceTree = "<group>"; };
		516C95D621112B04007B5C76 /* Info.plist */ = {isa = PBXFileReference; lastKnownFileType = text.plist.xml; path = Info.plist; sourceTree = "<group>"; };
		516C95E221112CDF007B5C76 /* GoogleService-Info.plist */ = {isa = PBXFileReference; fileEncoding = 4; lastKnownFileType = text.plist.xml; path = "GoogleService-Info.plist"; sourceTree = "<group>"; };
		516C95E421112D6F007B5C76 /* FirebaseCore.framework */ = {isa = PBXFileReference; explicitFileType = wrapper.framework; path = FirebaseCore.framework; sourceTree = BUILT_PRODUCTS_DIR; };
		516C95E62111304F007B5C76 /* Profile.swift */ = {isa = PBXFileReference; lastKnownFileType = sourcecode.swift; path = Profile.swift; sourceTree = "<group>"; };
		516C95E821114339007B5C76 /* ProfileListCellFemale.swift */ = {isa = PBXFileReference; lastKnownFileType = sourcecode.swift; path = ProfileListCellFemale.swift; sourceTree = "<group>"; };
		516C95E921114339007B5C76 /* ProfileListCellFemale.xib */ = {isa = PBXFileReference; lastKnownFileType = file.xib; path = ProfileListCellFemale.xib; sourceTree = "<group>"; };
		516C95EC21114BD4007B5C76 /* AddNewProfileController.swift */ = {isa = PBXFileReference; lastKnownFileType = sourcecode.swift; path = AddNewProfileController.swift; sourceTree = "<group>"; };
		516C95EE21127742007B5C76 /* SDWebImage.framework */ = {isa = PBXFileReference; explicitFileType = wrapper.framework; path = SDWebImage.framework; sourceTree = BUILT_PRODUCTS_DIR; };
		516C95F021127AD7007B5C76 /* UIView+Extension.swift */ = {isa = PBXFileReference; lastKnownFileType = sourcecode.swift; path = "UIView+Extension.swift"; sourceTree = "<group>"; };
		516C95F421128814007B5C76 /* ProfileViewController.swift */ = {isa = PBXFileReference; lastKnownFileType = sourcecode.swift; path = ProfileViewController.swift; sourceTree = "<group>"; };
		516C95F62115102D007B5C76 /* FirebaseAuth.framework */ = {isa = PBXFileReference; explicitFileType = wrapper.framework; path = FirebaseAuth.framework; sourceTree = BUILT_PRODUCTS_DIR; };
		516C95F82115102D007B5C76 /* FirebaseDatabase.framework */ = {isa = PBXFileReference; explicitFileType = wrapper.framework; path = FirebaseDatabase.framework; sourceTree = BUILT_PRODUCTS_DIR; };
		516C95FA2115102D007B5C76 /* FirebaseStorage.framework */ = {isa = PBXFileReference; explicitFileType = wrapper.framework; path = FirebaseStorage.framework; sourceTree = BUILT_PRODUCTS_DIR; };
		517555B1211781AE0091EEC1 /* AddHobbyHeaderCell.swift */ = {isa = PBXFileReference; lastKnownFileType = sourcecode.swift; path = AddHobbyHeaderCell.swift; sourceTree = "<group>"; };
		517555B2211781AE0091EEC1 /* AddHobbyHeaderCell.xib */ = {isa = PBXFileReference; lastKnownFileType = file.xib; path = AddHobbyHeaderCell.xib; sourceTree = "<group>"; };
		517555B5211782390091EEC1 /* HobbyItemCell.swift */ = {isa = PBXFileReference; lastKnownFileType = sourcecode.swift; path = HobbyItemCell.swift; sourceTree = "<group>"; };
		517555B6211782390091EEC1 /* HobbyItemCell.xib */ = {isa = PBXFileReference; lastKnownFileType = file.xib; path = HobbyItemCell.xib; sourceTree = "<group>"; };
		517555B92117D6DA0091EEC1 /* EditHobbyController.swift */ = {isa = PBXFileReference; lastKnownFileType = sourcecode.swift; path = EditHobbyController.swift; sourceTree = "<group>"; };
		517555C02117DC950091EEC1 /* ProfileHeader.swift */ = {isa = PBXFileReference; fileEncoding = 4; lastKnownFileType = sourcecode.swift; path = ProfileHeader.swift; sourceTree = "<group>"; };
		517555C12117DC950091EEC1 /* ProfileHeader.xib */ = {isa = PBXFileReference; fileEncoding = 4; lastKnownFileType = file.xib; path = ProfileHeader.xib; sourceTree = "<group>"; };
		517555C6211872640091EEC1 /* Hobby.swift */ = {isa = PBXFileReference; lastKnownFileType = sourcecode.swift; path = Hobby.swift; sourceTree = "<group>"; };
		517555CC211948660091EEC1 /* ProfileListCellMale.swift */ = {isa = PBXFileReference; fileEncoding = 4; lastKnownFileType = sourcecode.swift; path = ProfileListCellMale.swift; sourceTree = "<group>"; };
		517555CD211948670091EEC1 /* ProfileListCellMale.xib */ = {isa = PBXFileReference; fileEncoding = 4; lastKnownFileType = file.xib; path = ProfileListCellMale.xib; sourceTree = "<group>"; };
		79C8F313A9C94DB9FA9B31FB /* Pods-ProfileListsTests.debug.xcconfig */ = {isa = PBXFileReference; includeInIndex = 1; lastKnownFileType = text.xcconfig; name = "Pods-ProfileListsTests.debug.xcconfig"; path = "Pods/Target Support Files/Pods-ProfileListsTests/Pods-ProfileListsTests.debug.xcconfig"; sourceTree = "<group>"; };
		8911E863E170BB93E10DED62 /* Pods-ProfileListsUITests.release.xcconfig */ = {isa = PBXFileReference; includeInIndex = 1; lastKnownFileType = text.xcconfig; name = "Pods-ProfileListsUITests.release.xcconfig"; path = "Pods/Target Support Files/Pods-ProfileListsUITests/Pods-ProfileListsUITests.release.xcconfig"; sourceTree = "<group>"; };
		89CC44AB446F53F50D47FD9F /* Pods-ProfileLists.debug.xcconfig */ = {isa = PBXFileReference; includeInIndex = 1; lastKnownFileType = text.xcconfig; name = "Pods-ProfileLists.debug.xcconfig"; path = "Pods/Target Support Files/Pods-ProfileLists/Pods-ProfileLists.debug.xcconfig"; sourceTree = "<group>"; };
		AF17F085B290B62610F1045E /* Pods-ProfileListsUITests.debug.xcconfig */ = {isa = PBXFileReference; includeInIndex = 1; lastKnownFileType = text.xcconfig; name = "Pods-ProfileListsUITests.debug.xcconfig"; path = "Pods/Target Support Files/Pods-ProfileListsUITests/Pods-ProfileListsUITests.debug.xcconfig"; sourceTree = "<group>"; };
		F1ED9DDC9BB5B28067EAE777 /* Pods_ProfileListsUITests.framework */ = {isa = PBXFileReference; explicitFileType = wrapper.framework; includeInIndex = 0; path = Pods_ProfileListsUITests.framework; sourceTree = BUILT_PRODUCTS_DIR; };
		F3D6A13698B8E3395BD3212D /* Pods_ProfileLists.framework */ = {isa = PBXFileReference; explicitFileType = wrapper.framework; includeInIndex = 0; path = Pods_ProfileLists.framework; sourceTree = BUILT_PRODUCTS_DIR; };
/* End PBXFileReference section */

/* Begin PBXFrameworksBuildPhase section */
		516C95AB21112B01007B5C76 /* Frameworks */ = {
			isa = PBXFrameworksBuildPhase;
			buildActionMask = 2147483647;
			files = (
				516C95F72115102D007B5C76 /* FirebaseAuth.framework in Frameworks */,
				516C95F92115102D007B5C76 /* FirebaseDatabase.framework in Frameworks */,
				516C95FB2115102D007B5C76 /* FirebaseStorage.framework in Frameworks */,
				516C95EF21127742007B5C76 /* SDWebImage.framework in Frameworks */,
				516C95E521112D6F007B5C76 /* FirebaseCore.framework in Frameworks */,
				A39A649DFF26D37ED9AA95C1 /* Pods_ProfileLists.framework in Frameworks */,
			);
			runOnlyForDeploymentPostprocessing = 0;
		};
		516C95C221112B04007B5C76 /* Frameworks */ = {
			isa = PBXFrameworksBuildPhase;
			buildActionMask = 2147483647;
			files = (
				45E7F3B17AF364D646F61ACA /* Pods_ProfileListsTests.framework in Frameworks */,
			);
			runOnlyForDeploymentPostprocessing = 0;
		};
		516C95CD21112B04007B5C76 /* Frameworks */ = {
			isa = PBXFrameworksBuildPhase;
			buildActionMask = 2147483647;
			files = (
				6B61243D88F3036FC1FE3F04 /* Pods_ProfileListsUITests.framework in Frameworks */,
			);
			runOnlyForDeploymentPostprocessing = 0;
		};
/* End PBXFrameworksBuildPhase section */

/* Begin PBXGroup section */
		3D91707913A1730BC8F12852 /* Frameworks */ = {
			isa = PBXGroup;
			children = (
				516C95F62115102D007B5C76 /* FirebaseAuth.framework */,
				516C95F82115102D007B5C76 /* FirebaseDatabase.framework */,
				516C95FA2115102D007B5C76 /* FirebaseStorage.framework */,
				516C95EE21127742007B5C76 /* SDWebImage.framework */,
				516C95E421112D6F007B5C76 /* FirebaseCore.framework */,
				F3D6A13698B8E3395BD3212D /* Pods_ProfileLists.framework */,
				0B8920306FCB65DBF99F2E80 /* Pods_ProfileListsTests.framework */,
				F1ED9DDC9BB5B28067EAE777 /* Pods_ProfileListsUITests.framework */,
			);
			name = Frameworks;
			sourceTree = "<group>";
		};
		516C95A521112B01007B5C76 = {
			isa = PBXGroup;
			children = (
				516C95B021112B01007B5C76 /* ProfileLists */,
				516C95C821112B04007B5C76 /* ProfileListsTests */,
				516C95D321112B04007B5C76 /* ProfileListsUITests */,
				516C95AF21112B01007B5C76 /* Products */,
				58A9DBFEDF03721012D0235B /* Pods */,
				3D91707913A1730BC8F12852 /* Frameworks */,
			);
			sourceTree = "<group>";
		};
		516C95AF21112B01007B5C76 /* Products */ = {
			isa = PBXGroup;
			children = (
				516C95AE21112B01007B5C76 /* ProfileLists.app */,
				516C95C521112B04007B5C76 /* ProfileListsTests.xctest */,
				516C95D021112B04007B5C76 /* ProfileListsUITests.xctest */,
			);
			name = Products;
			sourceTree = "<group>";
		};
		516C95B021112B01007B5C76 /* ProfileLists */ = {
			isa = PBXGroup;
			children = (
				516C95B121112B02007B5C76 /* AppDelegate.swift */,
				517555BB2117D6ED0091EEC1 /* Edit Hobby Components */,
				517555A0211665CE0091EEC1 /* Add New Profile Component */,
				5175559F211665110091EEC1 /* Profile List Component */,
				517555C52117EBF00091EEC1 /* Global References */,
				517555C42117EBDD0091EEC1 /* Profile View Componet */,
				516C95B521112B02007B5C76 /* Main.storyboard */,
				516C95BB21112B04007B5C76 /* Assets.xcassets */,
				516C95BD21112B04007B5C76 /* LaunchScreen.storyboard */,
				516C95C021112B04007B5C76 /* Info.plist */,
				516C95E221112CDF007B5C76 /* GoogleService-Info.plist */,
				516C95B821112B02007B5C76 /* ProfileLists.xcdatamodeld */,
			);
			path = ProfileLists;
			sourceTree = "<group>";
		};
		516C95C821112B04007B5C76 /* ProfileListsTests */ = {
			isa = PBXGroup;
			children = (
				516C95C921112B04007B5C76 /* ProfileListsTests.swift */,
				516C95CB21112B04007B5C76 /* Info.plist */,
			);
			path = ProfileListsTests;
			sourceTree = "<group>";
		};
		516C95D321112B04007B5C76 /* ProfileListsUITests */ = {
			isa = PBXGroup;
			children = (
				516C95D421112B04007B5C76 /* ProfileListsUITests.swift */,
				516C95D621112B04007B5C76 /* Info.plist */,
			);
			path = ProfileListsUITests;
			sourceTree = "<group>";
		};
		5175559F211665110091EEC1 /* Profile List Component */ = {
			isa = PBXGroup;
			children = (
				517555CC211948660091EEC1 /* ProfileListCellMale.swift */,
				517555CD211948670091EEC1 /* ProfileListCellMale.xib */,
				516C95E821114339007B5C76 /* ProfileListCellFemale.swift */,
				516C95E921114339007B5C76 /* ProfileListCellFemale.xib */,
				516C95B321112B02007B5C76 /* ProfileList.swift */,
			);
			path = "Profile List Component";
			sourceTree = "<group>";
		};
		517555A0211665CE0091EEC1 /* Add New Profile Component */ = {
			isa = PBXGroup;
			children = (
				516C95EC21114BD4007B5C76 /* AddNewProfileController.swift */,
			);
			path = "Add New Profile Component";
			sourceTree = "<group>";
		};
		517555BB2117D6ED0091EEC1 /* Edit Hobby Components */ = {
			isa = PBXGroup;
			children = (
				517555B1211781AE0091EEC1 /* AddHobbyHeaderCell.swift */,
				517555B2211781AE0091EEC1 /* AddHobbyHeaderCell.xib */,
				517555B5211782390091EEC1 /* HobbyItemCell.swift */,
				517555B6211782390091EEC1 /* HobbyItemCell.xib */,
				517555B92117D6DA0091EEC1 /* EditHobbyController.swift */,
			);
			path = "Edit Hobby Components";
			sourceTree = "<group>";
		};
		517555C42117EBDD0091EEC1 /* Profile View Componet */ = {
			isa = PBXGroup;
			children = (
				517555C02117DC950091EEC1 /* ProfileHeader.swift */,
				517555C12117DC950091EEC1 /* ProfileHeader.xib */,
				516C95F421128814007B5C76 /* ProfileViewController.swift */,
			);
			path = "Profile View Componet";
			sourceTree = "<group>";
		};
		517555C52117EBF00091EEC1 /* Global References */ = {
			isa = PBXGroup;
			children = (
				516C95E62111304F007B5C76 /* Profile.swift */,
				516C95F021127AD7007B5C76 /* UIView+Extension.swift */,
				517555C6211872640091EEC1 /* Hobby.swift */,
			);
			path = "Global References";
			sourceTree = "<group>";
		};
		58A9DBFEDF03721012D0235B /* Pods */ = {
			isa = PBXGroup;
			children = (
				89CC44AB446F53F50D47FD9F /* Pods-ProfileLists.debug.xcconfig */,
				47F8737E16171463905AA3F6 /* Pods-ProfileLists.release.xcconfig */,
				79C8F313A9C94DB9FA9B31FB /* Pods-ProfileListsTests.debug.xcconfig */,
				19CF365605F5226955AEBEC3 /* Pods-ProfileListsTests.release.xcconfig */,
				AF17F085B290B62610F1045E /* Pods-ProfileListsUITests.debug.xcconfig */,
				8911E863E170BB93E10DED62 /* Pods-ProfileListsUITests.release.xcconfig */,
			);
			name = Pods;
			sourceTree = "<group>";
		};
/* End PBXGroup section */

/* Begin PBXNativeTarget section */
		516C95AD21112B01007B5C76 /* ProfileLists */ = {
			isa = PBXNativeTarget;
			buildConfigurationList = 516C95D921112B04007B5C76 /* Build configuration list for PBXNativeTarget "ProfileLists" */;
			buildPhases = (
				B5D8A7ADA706542127A8A38E /* [CP] Check Pods Manifest.lock */,
				516C95AA21112B01007B5C76 /* Sources */,
				516C95AB21112B01007B5C76 /* Frameworks */,
				516C95AC21112B01007B5C76 /* Resources */,
				A32B0E00FF826F4D7C853081 /* [CP] Embed Pods Frameworks */,
			);
			buildRules = (
			);
			dependencies = (
			);
			name = ProfileLists;
			productName = ProfileLists;
			productReference = 516C95AE21112B01007B5C76 /* ProfileLists.app */;
			productType = "com.apple.product-type.application";
		};
		516C95C421112B04007B5C76 /* ProfileListsTests */ = {
			isa = PBXNativeTarget;
			buildConfigurationList = 516C95DC21112B04007B5C76 /* Build configuration list for PBXNativeTarget "ProfileListsTests" */;
			buildPhases = (
				A29C417231121F17311F4963 /* [CP] Check Pods Manifest.lock */,
				516C95C121112B04007B5C76 /* Sources */,
				516C95C221112B04007B5C76 /* Frameworks */,
				516C95C321112B04007B5C76 /* Resources */,
			);
			buildRules = (
			);
			dependencies = (
				516C95C721112B04007B5C76 /* PBXTargetDependency */,
			);
			name = ProfileListsTests;
			productName = ProfileListsTests;
			productReference = 516C95C521112B04007B5C76 /* ProfileListsTests.xctest */;
			productType = "com.apple.product-type.bundle.unit-test";
		};
		516C95CF21112B04007B5C76 /* ProfileListsUITests */ = {
			isa = PBXNativeTarget;
			buildConfigurationList = 516C95DF21112B04007B5C76 /* Build configuration list for PBXNativeTarget "ProfileListsUITests" */;
			buildPhases = (
				A6BAC08C001EE09417CEAB15 /* [CP] Check Pods Manifest.lock */,
				516C95CC21112B04007B5C76 /* Sources */,
				516C95CD21112B04007B5C76 /* Frameworks */,
				516C95CE21112B04007B5C76 /* Resources */,
			);
			buildRules = (
			);
			dependencies = (
				516C95D221112B04007B5C76 /* PBXTargetDependency */,
			);
			name = ProfileListsUITests;
			productName = ProfileListsUITests;
			productReference = 516C95D021112B04007B5C76 /* ProfileListsUITests.xctest */;
			productType = "com.apple.product-type.bundle.ui-testing";
		};
/* End PBXNativeTarget section */

/* Begin PBXProject section */
		516C95A621112B01007B5C76 /* Project object */ = {
			isa = PBXProject;
			attributes = {
				LastSwiftUpdateCheck = 0940;
				LastUpgradeCheck = 0940;
				ORGANIZATIONNAME = Passport;
				TargetAttributes = {
					516C95AD21112B01007B5C76 = {
						CreatedOnToolsVersion = 9.4.1;
					};
					516C95C421112B04007B5C76 = {
						CreatedOnToolsVersion = 9.4.1;
						TestTargetID = 516C95AD21112B01007B5C76;
					};
					516C95CF21112B04007B5C76 = {
						CreatedOnToolsVersion = 9.4.1;
						TestTargetID = 516C95AD21112B01007B5C76;
					};
				};
			};
			buildConfigurationList = 516C95A921112B01007B5C76 /* Build configuration list for PBXProject "ProfileLists" */;
			compatibilityVersion = "Xcode 9.3";
			developmentRegion = en;
			hasScannedForEncodings = 0;
			knownRegions = (
				en,
				Base,
			);
			mainGroup = 516C95A521112B01007B5C76;
			productRefGroup = 516C95AF21112B01007B5C76 /* Products */;
			projectDirPath = "";
			projectRoot = "";
			targets = (
				516C95AD21112B01007B5C76 /* ProfileLists */,
				516C95C421112B04007B5C76 /* ProfileListsTests */,
				516C95CF21112B04007B5C76 /* ProfileListsUITests */,
			);
		};
/* End PBXProject section */

/* Begin PBXResourcesBuildPhase section */
		516C95AC21112B01007B5C76 /* Resources */ = {
			isa = PBXResourcesBuildPhase;
			buildActionMask = 2147483647;
			files = (
				516C95EB21114339007B5C76 /* ProfileListCellFemale.xib in Resources */,
				517555CF211948670091EEC1 /* ProfileListCellMale.xib in Resources */,
				517555C32117DC950091EEC1 /* ProfileHeader.xib in Resources */,
				516C95BF21112B04007B5C76 /* LaunchScreen.storyboard in Resources */,
				516C95BC21112B04007B5C76 /* Assets.xcassets in Resources */,
				516C95B721112B02007B5C76 /* Main.storyboard in Resources */,
				516C95E321112CDF007B5C76 /* GoogleService-Info.plist in Resources */,
				517555B4211781AE0091EEC1 /* AddHobbyHeaderCell.xib in Resources */,
				517555B8211782390091EEC1 /* HobbyItemCell.xib in Resources */,
			);
			runOnlyForDeploymentPostprocessing = 0;
		};
		516C95C321112B04007B5C76 /* Resources */ = {
			isa = PBXResourcesBuildPhase;
			buildActionMask = 2147483647;
			files = (
			);
			runOnlyForDeploymentPostprocessing = 0;
		};
		516C95CE21112B04007B5C76 /* Resources */ = {
			isa = PBXResourcesBuildPhase;
			buildActionMask = 2147483647;
			files = (
			);
			runOnlyForDeploymentPostprocessing = 0;
		};
/* End PBXResourcesBuildPhase section */

/* Begin PBXShellScriptBuildPhase section */
		A29C417231121F17311F4963 /* [CP] Check Pods Manifest.lock */ = {
			isa = PBXShellScriptBuildPhase;
			buildActionMask = 2147483647;
			files = (
			);
			inputPaths = (
				"${PODS_PODFILE_DIR_PATH}/Podfile.lock",
				"${PODS_ROOT}/Manifest.lock",
			);
			name = "[CP] Check Pods Manifest.lock";
			outputPaths = (
				"$(DERIVED_FILE_DIR)/Pods-ProfileListsTests-checkManifestLockResult.txt",
			);
			runOnlyForDeploymentPostprocessing = 0;
			shellPath = /bin/sh;
			shellScript = "diff \"${PODS_PODFILE_DIR_PATH}/Podfile.lock\" \"${PODS_ROOT}/Manifest.lock\" > /dev/null\nif [ $? != 0 ] ; then\n    # print error to STDERR\n    echo \"error: The sandbox is not in sync with the Podfile.lock. Run 'pod install' or update your CocoaPods installation.\" >&2\n    exit 1\nfi\n# This output is used by Xcode 'outputs' to avoid re-running this script phase.\necho \"SUCCESS\" > \"${SCRIPT_OUTPUT_FILE_0}\"\n";
			showEnvVarsInLog = 0;
		};
		A32B0E00FF826F4D7C853081 /* [CP] Embed Pods Frameworks */ = {
			isa = PBXShellScriptBuildPhase;
			buildActionMask = 2147483647;
			files = (
			);
			inputPaths = (
				"${SRCROOT}/Pods/Target Support Files/Pods-ProfileLists/Pods-ProfileLists-frameworks.sh",
				"${BUILT_PRODUCTS_DIR}/GTMSessionFetcher/GTMSessionFetcher.framework",
				"${BUILT_PRODUCTS_DIR}/GoogleToolboxForMac/GoogleToolboxForMac.framework",
				"${BUILT_PRODUCTS_DIR}/SDWebImage/SDWebImage.framework",
				"${BUILT_PRODUCTS_DIR}/leveldb-library/leveldb.framework",
				"${BUILT_PRODUCTS_DIR}/nanopb/nanopb.framework",
			);
			name = "[CP] Embed Pods Frameworks";
			outputPaths = (
				"${TARGET_BUILD_DIR}/${FRAMEWORKS_FOLDER_PATH}/GTMSessionFetcher.framework",
				"${TARGET_BUILD_DIR}/${FRAMEWORKS_FOLDER_PATH}/GoogleToolboxForMac.framework",
				"${TARGET_BUILD_DIR}/${FRAMEWORKS_FOLDER_PATH}/SDWebImage.framework",
				"${TARGET_BUILD_DIR}/${FRAMEWORKS_FOLDER_PATH}/leveldb.framework",
				"${TARGET_BUILD_DIR}/${FRAMEWORKS_FOLDER_PATH}/nanopb.framework",
			);
			runOnlyForDeploymentPostprocessing = 0;
			shellPath = /bin/sh;
			shellScript = "\"${SRCROOT}/Pods/Target Support Files/Pods-ProfileLists/Pods-ProfileLists-frameworks.sh\"\n";
			showEnvVarsInLog = 0;
		};
		A6BAC08C001EE09417CEAB15 /* [CP] Check Pods Manifest.lock */ = {
			isa = PBXShellScriptBuildPhase;
			buildActionMask = 2147483647;
			files = (
			);
			inputPaths = (
				"${PODS_PODFILE_DIR_PATH}/Podfile.lock",
				"${PODS_ROOT}/Manifest.lock",
			);
			name = "[CP] Check Pods Manifest.lock";
			outputPaths = (
				"$(DERIVED_FILE_DIR)/Pods-ProfileListsUITests-checkManifestLockResult.txt",
			);
			runOnlyForDeploymentPostprocessing = 0;
			shellPath = /bin/sh;
			shellScript = "diff \"${PODS_PODFILE_DIR_PATH}/Podfile.lock\" \"${PODS_ROOT}/Manifest.lock\" > /dev/null\nif [ $? != 0 ] ; then\n    # print error to STDERR\n    echo \"error: The sandbox is not in sync with the Podfile.lock. Run 'pod install' or update your CocoaPods installation.\" >&2\n    exit 1\nfi\n# This output is used by Xcode 'outputs' to avoid re-running this script phase.\necho \"SUCCESS\" > \"${SCRIPT_OUTPUT_FILE_0}\"\n";
			showEnvVarsInLog = 0;
		};
		B5D8A7ADA706542127A8A38E /* [CP] Check Pods Manifest.lock */ = {
			isa = PBXShellScriptBuildPhase;
			buildActionMask = 2147483647;
			files = (
			);
			inputPaths = (
				"${PODS_PODFILE_DIR_PATH}/Podfile.lock",
				"${PODS_ROOT}/Manifest.lock",
			);
			name = "[CP] Check Pods Manifest.lock";
			outputPaths = (
				"$(DERIVED_FILE_DIR)/Pods-ProfileLists-checkManifestLockResult.txt",
			);
			runOnlyForDeploymentPostprocessing = 0;
			shellPath = /bin/sh;
			shellScript = "diff \"${PODS_PODFILE_DIR_PATH}/Podfile.lock\" \"${PODS_ROOT}/Manifest.lock\" > /dev/null\nif [ $? != 0 ] ; then\n    # print error to STDERR\n    echo \"error: The sandbox is not in sync with the Podfile.lock. Run 'pod install' or update your CocoaPods installation.\" >&2\n    exit 1\nfi\n# This output is used by Xcode 'outputs' to avoid re-running this script phase.\necho \"SUCCESS\" > \"${SCRIPT_OUTPUT_FILE_0}\"\n";
			showEnvVarsInLog = 0;
		};
/* End PBXShellScriptBuildPhase section */

/* Begin PBXSourcesBuildPhase section */
		516C95AA21112B01007B5C76 /* Sources */ = {
			isa = PBXSourcesBuildPhase;
			buildActionMask = 2147483647;
			files = (
				516C95ED21114BD4007B5C76 /* AddNewProfileController.swift in Sources */,
				517555B3211781AE0091EEC1 /* AddHobbyHeaderCell.swift in Sources */,
				516C95F121127AD7007B5C76 /* UIView+Extension.swift in Sources */,
				517555BA2117D6DA0091EEC1 /* EditHobbyController.swift in Sources */,
				516C95BA21112B02007B5C76 /* ProfileLists.xcdatamodeld in Sources */,
				516C95EA21114339007B5C76 /* ProfileListCellFemale.swift in Sources */,
				516C95E72111304F007B5C76 /* Profile.swift in Sources */,
				517555CE211948670091EEC1 /* ProfileListCellMale.swift in Sources */,
				516C95B421112B02007B5C76 /* ProfileList.swift in Sources */,
				517555B7211782390091EEC1 /* HobbyItemCell.swift in Sources */,
				517555C22117DC950091EEC1 /* ProfileHeader.swift in Sources */,
				516C95F521128814007B5C76 /* ProfileViewController.swift in Sources */,
				516C95B221112B02007B5C76 /* AppDelegate.swift in Sources */,
				517555C7211872640091EEC1 /* Hobby.swift in Sources */,
			);
			runOnlyForDeploymentPostprocessing = 0;
		};
		516C95C121112B04007B5C76 /* Sources */ = {
			isa = PBXSourcesBuildPhase;
			buildActionMask = 2147483647;
			files = (
				516C95CA21112B04007B5C76 /* ProfileListsTests.swift in Sources */,
			);
			runOnlyForDeploymentPostprocessing = 0;
		};
		516C95CC21112B04007B5C76 /* Sources */ = {
			isa = PBXSourcesBuildPhase;
			buildActionMask = 2147483647;
			files = (
				516C95D521112B04007B5C76 /* ProfileListsUITests.swift in Sources */,
			);
			runOnlyForDeploymentPostprocessing = 0;
		};
/* End PBXSourcesBuildPhase section */

/* Begin PBXTargetDependency section */
		516C95C721112B04007B5C76 /* PBXTargetDependency */ = {
			isa = PBXTargetDependency;
			target = 516C95AD21112B01007B5C76 /* ProfileLists */;
			targetProxy = 516C95C621112B04007B5C76 /* PBXContainerItemProxy */;
		};
		516C95D221112B04007B5C76 /* PBXTargetDependency */ = {
			isa = PBXTargetDependency;
			target = 516C95AD21112B01007B5C76 /* ProfileLists */;
			targetProxy = 516C95D121112B04007B5C76 /* PBXContainerItemProxy */;
		};
/* End PBXTargetDependency section */

/* Begin PBXVariantGroup section */
		516C95B521112B02007B5C76 /* Main.storyboard */ = {
			isa = PBXVariantGroup;
			children = (
				516C95B621112B02007B5C76 /* Base */,
			);
			name = Main.storyboard;
			sourceTree = "<group>";
		};
		516C95BD21112B04007B5C76 /* LaunchScreen.storyboard */ = {
			isa = PBXVariantGroup;
			children = (
				516C95BE21112B04007B5C76 /* Base */,
			);
			name = LaunchScreen.storyboard;
			sourceTree = "<group>";
		};
/* End PBXVariantGroup section */

/* Begin XCBuildConfiguration section */
		516C95D721112B04007B5C76 /* Debug */ = {
			isa = XCBuildConfiguration;
			buildSettings = {
				ALWAYS_SEARCH_USER_PATHS = NO;
				CLANG_ANALYZER_NONNULL = YES;
				CLANG_ANALYZER_NUMBER_OBJECT_CONVERSION = YES_AGGRESSIVE;
				CLANG_CXX_LANGUAGE_STANDARD = "gnu++14";
				CLANG_CXX_LIBRARY = "libc++";
				CLANG_ENABLE_MODULES = YES;
				CLANG_ENABLE_OBJC_ARC = YES;
				CLANG_ENABLE_OBJC_WEAK = YES;
				CLANG_WARN_BLOCK_CAPTURE_AUTORELEASING = YES;
				CLANG_WARN_BOOL_CONVERSION = YES;
				CLANG_WARN_COMMA = YES;
				CLANG_WARN_CONSTANT_CONVERSION = YES;
				CLANG_WARN_DEPRECATED_OBJC_IMPLEMENTATIONS = YES;
				CLANG_WARN_DIRECT_OBJC_ISA_USAGE = YES_ERROR;
				CLANG_WARN_DOCUMENTATION_COMMENTS = YES;
				CLANG_WARN_EMPTY_BODY = YES;
				CLANG_WARN_ENUM_CONVERSION = YES;
				CLANG_WARN_INFINITE_RECURSION = YES;
				CLANG_WARN_INT_CONVERSION = YES;
				CLANG_WARN_NON_LITERAL_NULL_CONVERSION = YES;
				CLANG_WARN_OBJC_IMPLICIT_RETAIN_SELF = YES;
				CLANG_WARN_OBJC_LITERAL_CONVERSION = YES;
				CLANG_WARN_OBJC_ROOT_CLASS = YES_ERROR;
				CLANG_WARN_RANGE_LOOP_ANALYSIS = YES;
				CLANG_WARN_STRICT_PROTOTYPES = YES;
				CLANG_WARN_SUSPICIOUS_MOVE = YES;
				CLANG_WARN_UNGUARDED_AVAILABILITY = YES_AGGRESSIVE;
				CLANG_WARN_UNREACHABLE_CODE = YES;
				CLANG_WARN__DUPLICATE_METHOD_MATCH = YES;
				CODE_SIGN_IDENTITY = "iPhone Developer";
				COPY_PHASE_STRIP = NO;
				DEBUG_INFORMATION_FORMAT = dwarf;
				ENABLE_STRICT_OBJC_MSGSEND = YES;
				ENABLE_TESTABILITY = YES;
				GCC_C_LANGUAGE_STANDARD = gnu11;
				GCC_DYNAMIC_NO_PIC = NO;
				GCC_NO_COMMON_BLOCKS = YES;
				GCC_OPTIMIZATION_LEVEL = 0;
				GCC_PREPROCESSOR_DEFINITIONS = (
					"DEBUG=1",
					"$(inherited)",
				);
				GCC_WARN_64_TO_32_BIT_CONVERSION = YES;
				GCC_WARN_ABOUT_RETURN_TYPE = YES_ERROR;
				GCC_WARN_UNDECLARED_SELECTOR = YES;
				GCC_WARN_UNINITIALIZED_AUTOS = YES_AGGRESSIVE;
				GCC_WARN_UNUSED_FUNCTION = YES;
				GCC_WARN_UNUSED_VARIABLE = YES;
				IPHONEOS_DEPLOYMENT_TARGET = 11.4;
				MTL_ENABLE_DEBUG_INFO = YES;
				ONLY_ACTIVE_ARCH = YES;
				SDKROOT = iphoneos;
				SWIFT_ACTIVE_COMPILATION_CONDITIONS = DEBUG;
				SWIFT_OPTIMIZATION_LEVEL = "-Onone";
			};
			name = Debug;
		};
		516C95D821112B04007B5C76 /* Release */ = {
			isa = XCBuildConfiguration;
			buildSettings = {
				ALWAYS_SEARCH_USER_PATHS = NO;
				CLANG_ANALYZER_NONNULL = YES;
				CLANG_ANALYZER_NUMBER_OBJECT_CONVERSION = YES_AGGRESSIVE;
				CLANG_CXX_LANGUAGE_STANDARD = "gnu++14";
				CLANG_CXX_LIBRARY = "libc++";
				CLANG_ENABLE_MODULES = YES;
				CLANG_ENABLE_OBJC_ARC = YES;
				CLANG_ENABLE_OBJC_WEAK = YES;
				CLANG_WARN_BLOCK_CAPTURE_AUTORELEASING = YES;
				CLANG_WARN_BOOL_CONVERSION = YES;
				CLANG_WARN_COMMA = YES;
				CLANG_WARN_CONSTANT_CONVERSION = YES;
				CLANG_WARN_DEPRECATED_OBJC_IMPLEMENTATIONS = YES;
				CLANG_WARN_DIRECT_OBJC_ISA_USAGE = YES_ERROR;
				CLANG_WARN_DOCUMENTATION_COMMENTS = YES;
				CLANG_WARN_EMPTY_BODY = YES;
				CLANG_WARN_ENUM_CONVERSION = YES;
				CLANG_WARN_INFINITE_RECURSION = YES;
				CLANG_WARN_INT_CONVERSION = YES;
				CLANG_WARN_NON_LITERAL_NULL_CONVERSION = YES;
				CLANG_WARN_OBJC_IMPLICIT_RETAIN_SELF = YES;
				CLANG_WARN_OBJC_LITERAL_CONVERSION = YES;
				CLANG_WARN_OBJC_ROOT_CLASS = YES_ERROR;
				CLANG_WARN_RANGE_LOOP_ANALYSIS = YES;
				CLANG_WARN_STRICT_PROTOTYPES = YES;
				CLANG_WARN_SUSPICIOUS_MOVE = YES;
				CLANG_WARN_UNGUARDED_AVAILABILITY = YES_AGGRESSIVE;
				CLANG_WARN_UNREACHABLE_CODE = YES;
				CLANG_WARN__DUPLICATE_METHOD_MATCH = YES;
				CODE_SIGN_IDENTITY = "iPhone Developer";
				COPY_PHASE_STRIP = NO;
				DEBUG_INFORMATION_FORMAT = "dwarf-with-dsym";
				ENABLE_NS_ASSERTIONS = NO;
				ENABLE_STRICT_OBJC_MSGSEND = YES;
				GCC_C_LANGUAGE_STANDARD = gnu11;
				GCC_NO_COMMON_BLOCKS = YES;
				GCC_WARN_64_TO_32_BIT_CONVERSION = YES;
				GCC_WARN_ABOUT_RETURN_TYPE = YES_ERROR;
				GCC_WARN_UNDECLARED_SELECTOR = YES;
				GCC_WARN_UNINITIALIZED_AUTOS = YES_AGGRESSIVE;
				GCC_WARN_UNUSED_FUNCTION = YES;
				GCC_WARN_UNUSED_VARIABLE = YES;
				IPHONEOS_DEPLOYMENT_TARGET = 11.4;
				MTL_ENABLE_DEBUG_INFO = NO;
				SDKROOT = iphoneos;
				SWIFT_COMPILATION_MODE = wholemodule;
				SWIFT_OPTIMIZATION_LEVEL = "-O";
				VALIDATE_PRODUCT = YES;
			};
			name = Release;
		};
		516C95DA21112B04007B5C76 /* Debug */ = {
			isa = XCBuildConfiguration;
			baseConfigurationReference = 89CC44AB446F53F50D47FD9F /* Pods-ProfileLists.debug.xcconfig */;
			buildSettings = {
				ASSETCATALOG_COMPILER_APPICON_NAME = AppIcon;
				CODE_SIGN_STYLE = Automatic;
				DEVELOPMENT_TEAM = PH2YG3JPZQ;
				INFOPLIST_FILE = ProfileLists/Info.plist;
				LD_RUNPATH_SEARCH_PATHS = (
					"$(inherited)",
					"@executable_path/Frameworks",
				);
				PRODUCT_BUNDLE_IDENTIFIER = com.Passport.ProfileLists;
				PRODUCT_NAME = "$(TARGET_NAME)";
				SWIFT_VERSION = 4.0;
				TARGETED_DEVICE_FAMILY = "1,2";
			};
			name = Debug;
		};
		516C95DB21112B04007B5C76 /* Release */ = {
			isa = XCBuildConfiguration;
			baseConfigurationReference = 47F8737E16171463905AA3F6 /* Pods-ProfileLists.release.xcconfig */;
			buildSettings = {
				ASSETCATALOG_COMPILER_APPICON_NAME = AppIcon;
				CODE_SIGN_STYLE = Automatic;
				DEVELOPMENT_TEAM = PH2YG3JPZQ;
				INFOPLIST_FILE = ProfileLists/Info.plist;
				LD_RUNPATH_SEARCH_PATHS = (
					"$(inherited)",
					"@executable_path/Frameworks",
				);
				PRODUCT_BUNDLE_IDENTIFIER = com.Passport.ProfileLists;
				PRODUCT_NAME = "$(TARGET_NAME)";
				SWIFT_VERSION = 4.0;
				TARGETED_DEVICE_FAMILY = "1,2";
			};
			name = Release;
		};
		516C95DD21112B04007B5C76 /* Debug */ = {
			isa = XCBuildConfiguration;
			baseConfigurationReference = 79C8F313A9C94DB9FA9B31FB /* Pods-ProfileListsTests.debug.xcconfig */;
			buildSettings = {
				ALWAYS_EMBED_SWIFT_STANDARD_LIBRARIES = YES;
				BUNDLE_LOADER = "$(TEST_HOST)";
				CODE_SIGN_STYLE = Automatic;
				DEVELOPMENT_TEAM = PH2YG3JPZQ;
				INFOPLIST_FILE = ProfileListsTests/Info.plist;
				LD_RUNPATH_SEARCH_PATHS = (
					"$(inherited)",
					"@executable_path/Frameworks",
					"@loader_path/Frameworks",
				);
				PRODUCT_BUNDLE_IDENTIFIER = com.Passport.ProfileListsTests;
				PRODUCT_NAME = "$(TARGET_NAME)";
				SWIFT_VERSION = 4.0;
				TARGETED_DEVICE_FAMILY = "1,2";
				TEST_HOST = "$(BUILT_PRODUCTS_DIR)/ProfileLists.app/ProfileLists";
			};
			name = Debug;
		};
		516C95DE21112B04007B5C76 /* Release */ = {
			isa = XCBuildConfiguration;
			baseConfigurationReference = 19CF365605F5226955AEBEC3 /* Pods-ProfileListsTests.release.xcconfig */;
			buildSettings = {
				ALWAYS_EMBED_SWIFT_STANDARD_LIBRARIES = YES;
				BUNDLE_LOADER = "$(TEST_HOST)";
				CODE_SIGN_STYLE = Automatic;
				DEVELOPMENT_TEAM = PH2YG3JPZQ;
				INFOPLIST_FILE = ProfileListsTests/Info.plist;
				LD_RUNPATH_SEARCH_PATHS = (
					"$(inherited)",
					"@executable_path/Frameworks",
					"@loader_path/Frameworks",
				);
				PRODUCT_BUNDLE_IDENTIFIER = com.Passport.ProfileListsTests;
				PRODUCT_NAME = "$(TARGET_NAME)";
				SWIFT_VERSION = 4.0;
				TARGETED_DEVICE_FAMILY = "1,2";
				TEST_HOST = "$(BUILT_PRODUCTS_DIR)/ProfileLists.app/ProfileLists";
			};
			name = Release;
		};
		516C95E021112B04007B5C76 /* Debug */ = {
			isa = XCBuildConfiguration;
			baseConfigurationReference = AF17F085B290B62610F1045E /* Pods-ProfileListsUITests.debug.xcconfig */;
			buildSettings = {
				ALWAYS_EMBED_SWIFT_STANDARD_LIBRARIES = YES;
				CODE_SIGN_STYLE = Automatic;
				DEVELOPMENT_TEAM = PH2YG3JPZQ;
				INFOPLIST_FILE = ProfileListsUITests/Info.plist;
				LD_RUNPATH_SEARCH_PATHS = (
					"$(inherited)",
					"@executable_path/Frameworks",
					"@loader_path/Frameworks",
				);
				PRODUCT_BUNDLE_IDENTIFIER = com.Passport.ProfileListsUITests;
				PRODUCT_NAME = "$(TARGET_NAME)";
				SWIFT_VERSION = 4.0;
				TARGETED_DEVICE_FAMILY = "1,2";
				TEST_TARGET_NAME = ProfileLists;
			};
			name = Debug;
		};
		516C95E121112B04007B5C76 /* Release */ = {
			isa = XCBuildConfiguration;
			baseConfigurationReference = 8911E863E170BB93E10DED62 /* Pods-ProfileListsUITests.release.xcconfig */;
			buildSettings = {
				ALWAYS_EMBED_SWIFT_STANDARD_LIBRARIES = YES;
				CODE_SIGN_STYLE = Automatic;
				DEVELOPMENT_TEAM = PH2YG3JPZQ;
				INFOPLIST_FILE = ProfileListsUITests/Info.plist;
				LD_RUNPATH_SEARCH_PATHS = (
					"$(inherited)",
					"@executable_path/Frameworks",
					"@loader_path/Frameworks",
				);
				PRODUCT_BUNDLE_IDENTIFIER = com.Passport.ProfileListsUITests;
				PRODUCT_NAME = "$(TARGET_NAME)";
				SWIFT_VERSION = 4.0;
				TARGETED_DEVICE_FAMILY = "1,2";
				TEST_TARGET_NAME = ProfileLists;
			};
			name = Release;
		};
/* End XCBuildConfiguration section */

/* Begin XCConfigurationList section */
		516C95A921112B01007B5C76 /* Build configuration list for PBXProject "ProfileLists" */ = {
			isa = XCConfigurationList;
			buildConfigurations = (
				516C95D721112B04007B5C76 /* Debug */,
				516C95D821112B04007B5C76 /* Release */,
			);
			defaultConfigurationIsVisible = 0;
			defaultConfigurationName = Release;
		};
		516C95D921112B04007B5C76 /* Build configuration list for PBXNativeTarget "ProfileLists" */ = {
			isa = XCConfigurationList;
			buildConfigurations = (
				516C95DA21112B04007B5C76 /* Debug */,
				516C95DB21112B04007B5C76 /* Release */,
			);
			defaultConfigurationIsVisible = 0;
			defaultConfigurationName = Release;
		};
		516C95DC21112B04007B5C76 /* Build configuration list for PBXNativeTarget "ProfileListsTests" */ = {
			isa = XCConfigurationList;
			buildConfigurations = (
				516C95DD21112B04007B5C76 /* Debug */,
				516C95DE21112B04007B5C76 /* Release */,
			);
			defaultConfigurationIsVisible = 0;
			defaultConfigurationName = Release;
		};
		516C95DF21112B04007B5C76 /* Build configuration list for PBXNativeTarget "ProfileListsUITests" */ = {
			isa = XCConfigurationList;
			buildConfigurations = (
				516C95E021112B04007B5C76 /* Debug */,
				516C95E121112B04007B5C76 /* Release */,
			);
			defaultConfigurationIsVisible = 0;
			defaultConfigurationName = Release;
		};
/* End XCConfigurationList section */

/* Begin XCVersionGroup section */
		516C95B821112B02007B5C76 /* ProfileLists.xcdatamodeld */ = {
			isa = XCVersionGroup;
			children = (
				516C95B921112B02007B5C76 /* ProfileLists.xcdatamodel */,
			);
			currentVersion = 516C95B921112B02007B5C76 /* ProfileLists.xcdatamodel */;
			path = ProfileLists.xcdatamodeld;
			sourceTree = "<group>";
			versionGroupType = wrapper.xcdatamodel;
		};
/* End XCVersionGroup section */
	};
	rootObject = 516C95A621112B01007B5C76 /* Project object */;
}
